PODS:
  - KuiklyLottieView (1.0.0):
    - lottie-ios
    - OpenKuiklyIOSRender
  - lottie-ios (4.6.0)
  - MMKV (1.2.14):
    - MMKVCore (~> 1.2.14)
  - MMKVCore (1.2.16)
  - OpenKuiklyIOSRender (2.15.2)
  - SDWebImage (5.21.5):
    - SDWebImage/Core (= 5.21.5)
  - SDWebImage/Core (5.21.5)
  - shared (1.0)

DEPENDENCIES:
  - KuiklyLottieView (from `https://github.com/Kuikly-contrib/KuiklyLottieView.git`, tag `1.0.0`)
  - MMKV (= 1.2.14)
  - OpenKuiklyIOSRender (~> 2.15.0)
  - SDWebImage
  - shared (from `../shared`)

SPEC REPOS:
  trunk:
    - lottie-ios
    - MMKV
    - MMKVCore
    - OpenKuiklyIOSRender
    - SDWebImage

EXTERNAL SOURCES:
  KuiklyLottieView:
    :git: https://github.com/Kuikly-contrib/KuiklyLottieView.git
    :tag: 1.0.0
  shared:
    :path: "../shared"

CHECKOUT OPTIONS:
  KuiklyLottieView:
    :git: https://github.com/Kuikly-contrib/KuiklyLottieView.git
    :tag: 1.0.0

SPEC CHECKSUMS:
  KuiklyLottieView: 2ac7bbc70d5dd3a96bf1077b93783e42ff862ddb
  lottie-ios: 8f959969761e9c45d70353667d00af0e5b9cadb3
  MMKV: 9c4663aa7ca255d478ff10f2f5cb7d17c1651ccd
  MMKVCore: 9cfef4c48c6c46f66226fc2e4634d78490206a48
  OpenKuiklyIOSRender: 265f6cbb09c277fcea1c171899e50ceac43066fb
  SDWebImage: e9c98383c7572d713c1a0d7dd2783b10599b9838
  shared: 45c4d5a3fe6bf89e105d0ff0f3587f64ad21dd48

PODFILE CHECKSUM: e4422d2e043e8693f054bd67a81488412189cea5

COCOAPODS: 1.16.2
